// !$*UTF8*$!
{
	archiveVersion = 1;
	classes = {
	};
	objectVersion = 77;
	objects = {

/* Begin PBXBuildFile section */
		5E35E7AB2F564C3E0047ACD2 /* gong.caf in Resources */ = {isa = PBXBuildFile; fileRef = 5E35E7892F564C3E0047ACD2 /* gong.caf */; };
		5EBE86722FA74769000E7854 /* defaults.yaml in Resources */ = {isa = PBXBuildFile; fileRef = 5EBE86712FA74763000E7854 /* defaults.yaml */; };
		5EE931432FA78BE000D3C9D0 /* Yams in Frameworks */ = {isa = PBXBuildFile; productRef = 5EE931422FA78BE000D3C9D0 /* Yams */; };
/* End PBXBuildFile section */

/* Begin PBXContainerItemProxy section */
		5E1540DE2F543F7E00F79BAD /* PBXContainerItemProxy */ = {
			isa = PBXContainerItemProxy;
			containerPortal = 5E1540C62F543F7C00F79BAD /* Project object */;
			proxyType = 1;
			remoteGlobalIDString = 5E1540CD2F543F7C00F79BAD;
			remoteInfo = "aiki-exam";
		};
		5E1540E82F543F7E00F79BAD /* PBXContainerItemProxy */ = {
			isa = PBXContainerItemProxy;
			containerPortal = 5E1540C62F543F7C00F79BAD /* Project object */;
			proxyType = 1;
			remoteGlobalIDString = 5E1540CD2F543F7C00F79BAD;
			remoteInfo = "aiki-exam";
		};
/* End PBXContainerItemProxy section */

/* Begin PBXFileReference section */
		5E1540CE2F543F7D00F79BAD /* aiki-exam.app */ = {isa = PBXFileReference; explicitFileType = wrapper.application; includeInIndex = 0; path = "aiki-exam.app"; sourceTree = BUILT_PRODUCTS_DIR; };
		5E1540DD2F543F7E00F79BAD /* aiki-examTests.xctest */ = {isa = PBXFileReference; explicitFileType = wrapper.cfbundle; includeInIndex = 0; path = "aiki-examTests.xctest"; sourceTree = BUILT_PRODUCTS_DIR; };
		5E1540E72F543F7E00F79BAD /* aiki-examUITests.xctest */ = {isa = PBXFileReference; explicitFileType = wrapper.cfbundle; includeInIndex = 0; path = "aiki-examUITests.xctest"; sourceTree = BUILT_PRODUCTS_DIR; };
		5E35E7892F564C3E0047ACD2 /* gong.caf */ = {isa = PBXFileReference; lastKnownFileType = file; path = gong.caf; sourceTree = "<group>"; };
		5EBE86712FA74763000E7854 /* defaults.yaml */ = {isa = PBXFileReference; lastKnownFileType = text.yaml; path = defaults.yaml; sourceTree = "<group>"; };
/* End PBXFileReference section */

/* Begin PBXFileSystemSynchronizedRootGroup section */
		5E1540D02F543F7D00F79BAD /* aiki-exam */ = {
			isa = PBXFileSystemSynchronizedRootGroup;
			path = "aiki-exam";
			sourceTree = "<group>";
		};
		5E1540E02F543F7E00F79BAD /* aiki-examTests */ = {
			isa = PBXFileSystemSynchronizedRootGroup;
			path = "aiki-examTests";
			sourceTree = "<group>";
		};
		5E1540EA2F543F7E00F79BAD /* aiki-examUITests */ = {
			isa = PBXFileSystemSynchronizedRootGroup;
			path = "aiki-examUITests";
			sourceTree = "<group>";
		};
/* End PBXFileSystemSynchronizedRootGroup section */

/* Begin PBXFrameworksBuildPhase section */
		5E1540CB2F543F7C00F79BAD /* Frameworks */ = {
			isa = PBXFrameworksBuildPhase;
			buildActionMask = 2147483647;
			files = (
				5EE931432FA78BE000D3C9D0 /* Yams in Frameworks */,
			);
			runOnlyForDeploymentPostprocessing = 0;
		};
		5E1540DA2F543F7E00F79BAD /* Frameworks */ = {
			isa = PBXFrameworksBuildPhase;
			buildActionMask = 2147483647;
			files = (
			);
			runOnlyForDeploymentPostprocessing = 0;
		};
		5E1540E42F543F7E00F79BAD /* Frameworks */ = {
			isa = PBXFrameworksBuildPhase;
			buildActionMask = 2147483647;
			files = (
			);
			runOnlyForDeploymentPostprocessing = 0;
		};
/* End PBXFrameworksBuildPhase section */

/* Begin PBXGroup section */
		5E1540C52F543F7C00F79BAD = {
			isa = PBXGroup;
			children = (
				5E1540D02F543F7D00F79BAD /* aiki-exam */,
				5E1540E02F543F7E00F79BAD /* aiki-examTests */,
				5E1540EA2F543F7E00F79BAD /* aiki-examUITests */,
				5E1540CF2F543F7D00F79BAD /* Products */,
				5E35E7892F564C3E0047ACD2 /* gong.caf */,
				5EBE86712FA74763000E7854 /* defaults.yaml */,
			);
			sourceTree = "<group>";
		};
		5E1540CF2F543F7D00F79BAD /* Products */ = {
			isa = PBXGroup;
			children = (
				5E1540CE2F543F7D00F79BAD /* aiki-exam.app */,
				5E1540DD2F543F7E00F79BAD /* aiki-examTests.xctest */,
				5E1540E72F543F7E00F79BAD /* aiki-examUITests.xctest */,
			);
			name = Products;
			sourceTree = "<group>";
		};
/* End PBXGroup section */

/* Begin PBXNativeTarget section */
		5E1540CD2F543F7C00F79BAD /* aiki-exam */ = {
			isa = PBXNativeTarget;
			buildConfigurationList = 5E1540F12F543F7E00F79BAD /* Build configuration list for PBXNativeTarget "aiki-exam" */;
			buildPhases = (
				5E1540CA2F543F7C00F79BAD /* Sources */,
				5E1540CB2F543F7C00F79BAD /* Frameworks */,
				5E1540CC2F543F7C00F79BAD /* Resources */,
			);
			buildRules = (
			);
			dependencies = (
			);
			fileSystemSynchronizedGroups = (
				5E1540D02F543F7D00F79BAD /* aiki-exam */,
			);
			name = "aiki-exam";
			packageProductDependencies = (
				5EE931422FA78BE000D3C9D0 /* Yams */,
			);
			productName = "aiki-exam";
			productReference = 5E1540CE2F543F7D00F79BAD /* aiki-exam.app */;
			productType = "com.apple.product-type.application";
		};
		5E1540DC2F543F7E00F79BAD /* aiki-examTests */ = {
			isa = PBXNativeTarget;
			buildConfigurationList = 5E1540F42F543F7E00F79BAD /* Build configuration list for PBXNativeTarget "aiki-examTests" */;
			buildPhases = (
				5E1540D92F543F7E00F79BAD /* Sources */,
				5E1540DA2F543F7E00F79BAD /* Frameworks */,
				5E1540DB2F543F7E00F79BAD /* Resources */,
			);
			buildRules = (
			);
			dependencies = (
				5E1540DF2F543F7E00F79BAD /* PBXTargetDependency */,
			);
			fileSystemSynchronizedGroups = (
				5E1540E02F543F7E00F79BAD /* aiki-examTests */,
			);
			name = "aiki-examTests";
			packageProductDependencies = (
			);
			productName = "aiki-examTests";
			productReference = 5E1540DD2F543F7E00F79BAD /* aiki-examTests.xctest */;
			productType = "com.apple.product-type.bundle.unit-test";
		};
		5E1540E62F543F7E00F79BAD /* aiki-examUITests */ = {
			isa = PBXNativeTarget;
			buildConfigurationList = 5E1540F72F543F7E00F79BAD /* Build configuration list for PBXNativeTarget "aiki-examUITests" */;
			buildPhases = (
				5E1540E32F543F7E00F79BAD /* Sources */,
				5E1540E42F543F7E00F79BAD /* Frameworks */,
				5E1540E52F543F7E00F79BAD /* Resources */,
			);
			buildRules = (
			);
			dependencies = (
				5E1540E92F543F7E00F79BAD /* PBXTargetDependency */,
			);
			fileSystemSynchronizedGroups = (
				5E1540EA2F543F7E00F79BAD /* aiki-examUITests */,
			);
			name = "aiki-examUITests";
			packageProductDependencies = (
			);
			productName = "aiki-examUITests";
			productReference = 5E1540E72F543F7E00F79BAD /* aiki-examUITests.xctest */;
			productType = "com.apple.product-type.bundle.ui-testing";
		};
/* End PBXNativeTarget section */

/* Begin PBXProject section */
		5E1540C62F543F7C00F79BAD /* Project object */ = {
			isa = PBXProject;
			attributes = {
				BuildIndependentTargetsInParallel = 1;
				LastSwiftUpdateCheck = 2630;
				LastUpgradeCheck = 2630;
				TargetAttributes = {
					5E1540CD2F543F7C00F79BAD = {
						CreatedOnToolsVersion = 26.3;
					};
					5E1540DC2F543F7E00F79BAD = {
						CreatedOnToolsVersion = 26.3;
						TestTargetID = 5E1540CD2F543F7C00F79BAD;
					};
					5E1540E62F543F7E00F79BAD = {
						CreatedOnToolsVersion = 26.3;
						TestTargetID = 5E1540CD2F543F7C00F79BAD;
					};
				};
			};
			buildConfigurationList = 5E1540C92F543F7C00F79BAD /* Build configuration list for PBXProject "aiki-exam" */;
			developmentRegion = en;
			hasScannedForEncodings = 0;
			knownRegions = (
				en,
				Base,
			);
			mainGroup = 5E1540C52F543F7C00F79BAD;
			minimizedProjectReferenceProxies = 1;
			packageReferences = (
				5EE931412FA78BE000D3C9D0 /* XCRemoteSwiftPackageReference "Yams" */,
			);
			preferredProjectObjectVersion = 77;
			productRefGroup = 5E1540CF2F543F7D00F79BAD /* Products */;
			projectDirPath = "";
			projectRoot = "";
			targets = (
				5E1540CD2F543F7C00F79BAD /* aiki-exam */,
				5E1540DC2F543F7E00F79BAD /* aiki-examTests */,
				5E1540E62F543F7E00F79BAD /* aiki-examUITests */,
			);
		};
/* End PBXProject section */

/* Begin PBXResourcesBuildPhase section */
		5E1540CC2F543F7C00F79BAD /* Resources */ = {
			isa = PBXResourcesBuildPhase;
			buildActionMask = 2147483647;
			files = (
				5E35E7AB2F564C3E0047ACD2 /* gong.caf in Resources */,
				5EBE86722FA74769000E7854 /* defaults.yaml in Resources */,
			);
			runOnlyForDeploymentPostprocessing = 0;
		};
		5E1540DB2F543F7E00F79BAD /* Resources */ = {
			isa = PBXResourcesBuildPhase;
			buildActionMask = 2147483647;
			files = (
			);
			runOnlyForDeploymentPostprocessing = 0;
		};
		5E1540E52F543F7E00F79BAD /* Resources */ = {
			isa = PBXResourcesBuildPhase;
			buildActionMask = 2147483647;
			files = (
			);
			runOnlyForDeploymentPostprocessing = 0;
		};
/* End PBXResourcesBuildPhase section */

/* Begin PBXSourcesBuildPhase section */
		5E1540CA2F543F7C00F79BAD /* Sources */ = {
			isa = PBXSourcesBuildPhase;
			buildActionMask = 2147483647;
			files = (
			);
			runOnlyForDeploymentPostprocessing = 0;
		};
		5E1540D92F543F7E00F79BAD /* Sources */ = {
			isa = PBXSourcesBuildPhase;
			buildActionMask = 2147483647;
			files = (
			);
			runOnlyForDeploymentPostprocessing = 0;
		};
		5E1540E32F543F7E00F79BAD /* Sources */ = {
			isa = PBXSourcesBuildPhase;
			buildActionMask = 2147483647;
			files = (
			);
			runOnlyForDeploymentPostprocessing = 0;
		};
/* End PBXSourcesBuildPhase section */

/* Begin PBXTargetDependency section */
		5E1540DF2F543F7E00F79BAD /* PBXTargetDependency */ = {
			isa = PBXTargetDependency;
			target = 5E1540CD2F543F7C00F79BAD /* aiki-exam */;
			targetProxy = 5E1540DE2F543F7E00F79BAD /* PBXContainerItemProxy */;
		};
		5E1540E92F543F7E00F79BAD /* PBXTargetDependency */ = {
			isa = PBXTargetDependency;
			target = 5E1540CD2F543F7C00F79BAD /* aiki-exam */;
			targetProxy = 5E1540E82F543F7E00F79BAD /* PBXContainerItemProxy */;
		};
/* End PBXTargetDependency section */

/* Begin XCBuildConfiguration section */
		5E1540EF2F543F7E00F79BAD /* Debug */ = {
			isa = XCBuildConfiguration;
			buildSettings = {
				ALWAYS_SEARCH_USER_PATHS = NO;
				ASSETCATALOG_COMPILER_GENERATE_SWIFT_ASSET_SYMBOL_EXTENSIONS = YES;
				CLANG_ANALYZER_NONNULL = YES;
				CLANG_ANALYZER_NUMBER_OBJECT_CONVERSION = YES_AGGRESSIVE;
				CLANG_CXX_LANGUAGE_STANDARD = "gnu++20";
				CLANG_ENABLE_MODULES = YES;
				CLANG_ENABLE_OBJC_ARC = YES;
				CLANG_ENABLE_OBJC_WEAK = YES;
				CLANG_WARN_BLOCK_CAPTURE_AUTORELEASING = YES;
				CLANG_WARN_BOOL_CONVERSION = YES;
				CLANG_WARN_COMMA = YES;
				CLANG_WARN_CONSTANT_CONVERSION = YES;
				CLANG_WARN_DEPRECATED_OBJC_IMPLEMENTATIONS = YES;
				CLANG_WARN_DIRECT_OBJC_ISA_USAGE = YES_ERROR;
				CLANG_WARN_DOCUMENTATION_COMMENTS = YES;
				CLANG_WARN_EMPTY_BODY = YES;
				CLANG_WARN_ENUM_CONVERSION = YES;
				CLANG_WARN_INFINITE_RECURSION = YES;
				CLANG_WARN_INT_CONVERSION = YES;
				CLANG_WARN_NON_LITERAL_NULL_CONVERSION = YES;
				CLANG_WARN_OBJC_IMPLICIT_RETAIN_SELF = YES;
				CLANG_WARN_OBJC_LITERAL_CONVERSION = YES;
				CLANG_WARN_OBJC_ROOT_CLASS = YES_ERROR;
				CLANG_WARN_QUOTED_INCLUDE_IN_FRAMEWORK_HEADER = YES;
				CLANG_WARN_RANGE_LOOP_ANALYSIS = YES;
				CLANG_WARN_STRICT_PROTOTYPES = YES;
				CLANG_WARN_SUSPICIOUS_MOVE = YES;
				CLANG_WARN_UNGUARDED_AVAILABILITY = YES_AGGRESSIVE;
				CLANG_WARN_UNREACHABLE_CODE = YES;
				CLANG_WARN__DUPLICATE_METHOD_MATCH = YES;
				COPY_PHASE_STRIP = NO;
				DEBUG_INFORMATION_FORMAT = dwarf;
				DEVELOPMENT_TEAM = 2397APN879;
				ENABLE_STRICT_OBJC_MSGSEND = YES;
				ENABLE_TESTABILITY = YES;
				ENABLE_USER_SCRIPT_SANDBOXING = YES;
				GCC_C_LANGUAGE_STANDARD = gnu17;
				GCC_DYNAMIC_NO_PIC = NO;
				GCC_NO_COMMON_BLOCKS = YES;
				GCC_OPTIMIZATION_LEVEL = 0;
				GCC_PREPROCESSOR_DEFINITIONS = (
					"DEBUG=1",
					"$(inherited)",
				);
				GCC_WARN_64_TO_32_BIT_CONVERSION = YES;
				GCC_WARN_ABOUT_RETURN_TYPE = YES_ERROR;
				GCC_WARN_UNDECLARED_SELECTOR = YES;
				GCC_WARN_UNINITIALIZED_AUTOS = YES_AGGRESSIVE;
				GCC_WARN_UNUSED_FUNCTION = YES;
				GCC_WARN_UNUSED_VARIABLE = YES;
				IPHONEOS_DEPLOYMENT_TARGET = 26.2;
				LOCALIZATION_PREFERS_STRING_CATALOGS = YES;
				MTL_ENABLE_DEBUG_INFO = INCLUDE_SOURCE;
				MTL_FAST_MATH = YES;
				ONLY_ACTIVE_ARCH = YES;
				SDKROOT = iphoneos;
				SWIFT_ACTIVE_COMPILATION_CONDITIONS = "DEBUG $(inherited)";
				SWIFT_EMIT_LOC_STRINGS = YES;
				SWIFT_OPTIMIZATION_LEVEL = "-Onone";
			};
			name = Debug;
		};
		5E1540F02F543F7E00F79BAD /* Release */ = {
			isa = XCBuildConfiguration;
			buildSettings = {
				ALWAYS_SEARCH_USER_PATHS = NO;
				ASSETCATALOG_COMPILER_GENERATE_SWIFT_ASSET_SYMBOL_EXTENSIONS = YES;
				CLANG_ANALYZER_NONNULL = YES;
				CLANG_ANALYZER_NUMBER_OBJECT_CONVERSION = YES_AGGRESSIVE;
				CLANG_CXX_LANGUAGE_STANDARD = "gnu++20";
				CLANG_ENABLE_MODULES = YES;
				CLANG_ENABLE_OBJC_ARC = YES;
				CLANG_ENABLE_OBJC_WEAK = YES;
				CLANG_WARN_BLOCK_CAPTURE_AUTORELEASING = YES;
				CLANG_WARN_BOOL_CONVERSION = YES;
				CLANG_WARN_COMMA = YES;
				CLANG_WARN_CONSTANT_CONVERSION = YES;
				CLANG_WARN_DEPRECATED_OBJC_IMPLEMENTATIONS = YES;
				CLANG_WARN_DIRECT_OBJC_ISA_USAGE = YES_ERROR;
				CLANG_WARN_DOCUMENTATION_COMMENTS = YES;
				CLANG_WARN_EMPTY_BODY = YES;
				CLANG_WARN_ENUM_CONVERSION = YES;
				CLANG_WARN_INFINITE_RECURSION = YES;
				CLANG_WARN_INT_CONVERSION = YES;
				CLANG_WARN_NON_LITERAL_NULL_CONVERSION = YES;
				CLANG_WARN_OBJC_IMPLICIT_RETAIN_SELF = YES;
				CLANG_WARN_OBJC_LITERAL_CONVERSION = YES;
				CLANG_WARN_OBJC_ROOT_CLASS = YES_ERROR;
				CLANG_WARN_QUOTED_INCLUDE_IN_FRAMEWORK_HEADER = YES;
				CLANG_WARN_RANGE_LOOP_ANALYSIS = YES;
				CLANG_WARN_STRICT_PROTOTYPES = YES;
				CLANG_WARN_SUSPICIOUS_MOVE = YES;
				CLANG_WARN_UNGUARDED_AVAILABILITY = YES_AGGRESSIVE;
				CLANG_WARN_UNREACHABLE_CODE = YES;
				CLANG_WARN__DUPLICATE_METHOD_MATCH = YES;
				COPY_PHASE_STRIP = NO;
				DEBUG_INFORMATION_FORMAT = "dwarf-with-dsym";
				DEVELOPMENT_TEAM = 2397APN879;
				ENABLE_NS_ASSERTIONS = NO;
				ENABLE_STRICT_OBJC_MSGSEND = YES;
				ENABLE_USER_SCRIPT_SANDBOXING = YES;
				GCC_C_LANGUAGE_STANDARD = gnu17;
				GCC_NO_COMMON_BLOCKS = YES;
				GCC_WARN_64_TO_32_BIT_CONVERSION = YES;
				GCC_WARN_ABOUT_RETURN_TYPE = YES_ERROR;
				GCC_WARN_UNDECLARED_SELECTOR = YES;
				GCC_WARN_UNINITIALIZED_AUTOS = YES_AGGRESSIVE;
				GCC_WARN_UNUSED_FUNCTION = YES;
				GCC_WARN_UNUSED_VARIABLE = YES;
				IPHONEOS_DEPLOYMENT_TARGET = 26.2;
				LOCALIZATION_PREFERS_STRING_CATALOGS = YES;
				MTL_ENABLE_DEBUG_INFO = NO;
				MTL_FAST_MATH = YES;
				SDKROOT = iphoneos;
				SWIFT_COMPILATION_MODE = wholemodule;
				SWIFT_EMIT_LOC_STRINGS = YES;
				VALIDATE_PRODUCT = YES;
			};
			name = Release;
		};
		5E1540F22F543F7E00F79BAD /* Debug */ = {
			isa = XCBuildConfiguration;
			buildSettings = {
				ASSETCATALOG_COMPILER_APPICON_NAME = AppIcon;
				ASSETCATALOG_COMPILER_GLOBAL_ACCENT_COLOR_NAME = AccentColor;
				CODE_SIGN_STYLE = Automatic;
				CURRENT_PROJECT_VERSION = 1;
				DEVELOPMENT_TEAM = 2397APN879;
				ENABLE_PREVIEWS = YES;
				GENERATE_INFOPLIST_FILE = YES;
				INFOPLIST_KEY_CFBundleDisplayName = "Aiki Exam";
				INFOPLIST_KEY_LSApplicationCategoryType = "public.app-category.sports";
				INFOPLIST_KEY_UIApplicationSceneManifest_Generation = YES;
				INFOPLIST_KEY_UIApplicationSupportsIndirectInputEvents = YES;
				INFOPLIST_KEY_UILaunchScreen_Generation = YES;
				INFOPLIST_KEY_UISupportedInterfaceOrientations_iPad = "UIInterfaceOrientationPortrait UIInterfaceOrientationPortraitUpsideDown UIInterfaceOrientationLandscapeLeft UIInterfaceOrientationLandscapeRight";
				INFOPLIST_KEY_UISupportedInterfaceOrientations_iPhone = "UIInterfaceOrientationPortrait UIInterfaceOrientationLandscapeLeft UIInterfaceOrientationLandscapeRight";
				IPHONEOS_DEPLOYMENT_TARGET = 18.6;
				LD_RUNPATH_SEARCH_PATHS = (
					"$(inherited)",
					"@executable_path/Frameworks",
				);
				MARKETING_VERSION = 1.0;
				PRODUCT_BUNDLE_IDENTIFIER = "com.javanix.aiki-exam";
				PRODUCT_NAME = "$(TARGET_NAME)";
				STRING_CATALOG_GENERATE_SYMBOLS = YES;
				SWIFT_APPROACHABLE_CONCURRENCY = YES;
				SWIFT_DEFAULT_ACTOR_ISOLATION = MainActor;
				SWIFT_EMIT_LOC_STRINGS = YES;
				SWIFT_UPCOMING_FEATURE_MEMBER_IMPORT_VISIBILITY = YES;
				SWIFT_VERSION = 5.0;
				TARGETED_DEVICE_FAMILY = "1,2";
			};
			name = Debug;
		};
		5E1540F32F543F7E00F79BAD /* Release */ = {
			isa = XCBuildConfiguration;
			buildSettings = {
				ASSETCATALOG_COMPILER_APPICON_NAME = AppIcon;
				ASSETCATALOG_COMPILER_GLOBAL_ACCENT_COLOR_NAME = AccentColor;
				CODE_SIGN_STYLE = Automatic;
				CURRENT_PROJECT_VERSION = 1;
				DEVELOPMENT_TEAM = 2397APN879;
				ENABLE_PREVIEWS = YES;
				GENERATE_INFOPLIST_FILE = YES;
				INFOPLIST_KEY_CFBundleDisplayName = "Aiki Exam";
				INFOPLIST_KEY_LSApplicationCategoryType = "public.app-category.sports";
				INFOPLIST_KEY_UIApplicationSceneManifest_Generation = YES;
				INFOPLIST_KEY_UIApplicationSupportsIndirectInputEvents = YES;
				INFOPLIST_KEY_UILaunchScreen_Generation = YES;
				INFOPLIST_KEY_UISupportedInterfaceOrientations_iPad = "UIInterfaceOrientationPortrait UIInterfaceOrientationPortraitUpsideDown UIInterfaceOrientationLandscapeLeft UIInterfaceOrientationLandscapeRight";
				INFOPLIST_KEY_UISupportedInterfaceOrientations_iPhone = "UIInterfaceOrientationPortrait UIInterfaceOrientationLandscapeLeft UIInterfaceOrientationLandscapeRight";
				IPHONEOS_DEPLOYMENT_TARGET = 18.6;
				LD_RUNPATH_SEARCH_PATHS = (
					"$(inherited)",
					"@executable_path/Frameworks",
				);
				MARKETING_VERSION = 1.0;
				PRODUCT_BUNDLE_IDENTIFIER = "com.javanix.aiki-exam";
				PRODUCT_NAME = "$(TARGET_NAME)";
				STRING_CATALOG_GENERATE_SYMBOLS = YES;
				SWIFT_APPROACHABLE_CONCURRENCY = YES;
				SWIFT_DEFAULT_ACTOR_ISOLATION = MainActor;
				SWIFT_EMIT_LOC_STRINGS = YES;
				SWIFT_UPCOMING_FEATURE_MEMBER_IMPORT_VISIBILITY = YES;
				SWIFT_VERSION = 5.0;
				TARGETED_DEVICE_FAMILY = "1,2";
			};
			name = Release;
		};
		5E1540F52F543F7E00F79BAD /* Debug */ = {
			isa = XCBuildConfiguration;
			buildSettings = {
				BUNDLE_LOADER = "$(TEST_HOST)";
				CODE_SIGN_STYLE = Automatic;
				CURRENT_PROJECT_VERSION = 1;
				DEVELOPMENT_TEAM = 2397APN879;
				GENERATE_INFOPLIST_FILE = YES;
				IPHONEOS_DEPLOYMENT_TARGET = 26.2;
				MARKETING_VERSION = 1.0;
				PRODUCT_BUNDLE_IDENTIFIER = "com.javanix.aiki-examTests";
				PRODUCT_NAME = "$(TARGET_NAME)";
				STRING_CATALOG_GENERATE_SYMBOLS = NO;
				SWIFT_APPROACHABLE_CONCURRENCY = YES;
				SWIFT_EMIT_LOC_STRINGS = NO;
				SWIFT_UPCOMING_FEATURE_MEMBER_IMPORT_VISIBILITY = YES;
				SWIFT_VERSION = 5.0;
				TARGETED_DEVICE_FAMILY = "1,2";
				TEST_HOST = "$(BUILT_PRODUCTS_DIR)/aiki-exam.app/$(BUNDLE_EXECUTABLE_FOLDER_PATH)/aiki-exam";
			};
			name = Debug;
		};
		5E1540F62F543F7E00F79BAD /* Release */ = {
			isa = XCBuildConfiguration;
			buildSettings = {
				BUNDLE_LOADER = "$(TEST_HOST)";
				CODE_SIGN_STYLE = Automatic;
				CURRENT_PROJECT_VERSION = 1;
				DEVELOPMENT_TEAM = 2397APN879;
				GENERATE_INFOPLIST_FILE = YES;
				IPHONEOS_DEPLOYMENT_TARGET = 26.2;
				MARKETING_VERSION = 1.0;
				PRODUCT_BUNDLE_IDENTIFIER = "com.javanix.aiki-examTests";
				PRODUCT_NAME = "$(TARGET_NAME)";
				STRING_CATALOG_GENERATE_SYMBOLS = NO;
				SWIFT_APPROACHABLE_CONCURRENCY = YES;
				SWIFT_EMIT_LOC_STRINGS = NO;
				SWIFT_UPCOMING_FEATURE_MEMBER_IMPORT_VISIBILITY = YES;
				SWIFT_VERSION = 5.0;
				TARGETED_DEVICE_FAMILY = "1,2";
				TEST_HOST = "$(BUILT_PRODUCTS_DIR)/aiki-exam.app/$(BUNDLE_EXECUTABLE_FOLDER_PATH)/aiki-exam";
			};
			name = Release;
		};
		5E1540F82F543F7E00F79BAD /* Debug */ = {
			isa = XCBuildConfiguration;
			buildSettings = {
				CODE_SIGN_STYLE = Automatic;
				CURRENT_PROJECT_VERSION = 1;
				DEVELOPMENT_TEAM = 2397APN879;
				GENERATE_INFOPLIST_FILE = YES;
				MARKETING_VERSION = 1.0;
				PRODUCT_BUNDLE_IDENTIFIER = "com.javanix.aiki-examUITests";
				PRODUCT_NAME = "$(TARGET_NAME)";
				STRING_CATALOG_GENERATE_SYMBOLS = NO;
				SWIFT_APPROACHABLE_CONCURRENCY = YES;
				SWIFT_EMIT_LOC_STRINGS = NO;
				SWIFT_UPCOMING_FEATURE_MEMBER_IMPORT_VISIBILITY = YES;
				SWIFT_VERSION = 5.0;
				TARGETED_DEVICE_FAMILY = "1,2";
				TEST_TARGET_NAME = "aiki-exam";
			};
			name = Debug;
		};
		5E1540F92F543F7E00F79BAD /* Release */ = {
			isa = XCBuildConfiguration;
			buildSettings = {
				CODE_SIGN_STYLE = Automatic;
				CURRENT_PROJECT_VERSION = 1;
				DEVELOPMENT_TEAM = 2397APN879;
				GENERATE_INFOPLIST_FILE = YES;
				MARKETING_VERSION = 1.0;
				PRODUCT_BUNDLE_IDENTIFIER = "com.javanix.aiki-examUITests";
				PRODUCT_NAME = "$(TARGET_NAME)";
				STRING_CATALOG_GENERATE_SYMBOLS = NO;
				SWIFT_APPROACHABLE_CONCURRENCY = YES;
				SWIFT_EMIT_LOC_STRINGS = NO;
				SWIFT_UPCOMING_FEATURE_MEMBER_IMPORT_VISIBILITY = YES;
				SWIFT_VERSION = 5.0;
				TARGETED_DEVICE_FAMILY = "1,2";
				TEST_TARGET_NAME = "aiki-exam";
			};
			name = Release;
		};
/* End XCBuildConfiguration section */

/* Begin XCConfigurationList section */
		5E1540C92F543F7C00F79BAD /* Build configuration list for PBXProject "aiki-exam" */ = {
			isa = XCConfigurationList;
			buildConfigurations = (
				5E1540EF2F543F7E00F79BAD /* Debug */,
				5E1540F02F543F7E00F79BAD /* Release */,
			);
			defaultConfigurationIsVisible = 0;
			defaultConfigurationName = Release;
		};
		5E1540F12F543F7E00F79BAD /* Build configuration list for PBXNativeTarget "aiki-exam" */ = {
			isa = XCConfigurationList;
			buildConfigurations = (
				5E1540F22F543F7E00F79BAD /* Debug */,
				5E1540F32F543F7E00F79BAD /* Release */,
			);
			defaultConfigurationIsVisible = 0;
			defaultConfigurationName = Release;
		};
		5E1540F42F543F7E00F79BAD /* Build configuration list for PBXNativeTarget "aiki-examTests" */ = {
			isa = XCConfigurationList;
			buildConfigurations = (
				5E1540F52F543F7E00F79BAD /* Debug */,
				5E1540F62F543F7E00F79BAD /* Release */,
			);
			defaultConfigurationIsVisible = 0;
			defaultConfigurationName = Release;
		};
		5E1540F72F543F7E00F79BAD /* Build configuration list for PBXNativeTarget "aiki-examUITests" */ = {
			isa = XCConfigurationList;
			buildConfigurations = (
				5E1540F82F543F7E00F79BAD /* Debug */,
				5E1540F92F543F7E00F79BAD /* Release */,
			);
			defaultConfigurationIsVisible = 0;
			defaultConfigurationName = Release;
		};
/* End XCConfigurationList section */

/* Begin XCRemoteSwiftPackageReference section */
		5EE931412FA78BE000D3C9D0 /* XCRemoteSwiftPackageReference "Yams" */ = {
			isa = XCRemoteSwiftPackageReference;
			repositoryURL = "https://github.com/jpsim/Yams";
			requirement = {
				kind = upToNextMajorVersion;
				minimumVersion = 6.2.1;
			};
		};
/* End XCRemoteSwiftPackageReference section */

/* Begin XCSwiftPackageProductDependency section */
		5EE931422FA78BE000D3C9D0 /* Yams */ = {
			isa = XCSwiftPackageProductDependency;
			package = 5EE931412FA78BE000D3C9D0 /* XCRemoteSwiftPackageReference "Yams" */;
			productName = Yams;
		};
/* End XCSwiftPackageProductDependency section */
	};
	rootObject = 5E1540C62F543F7C00F79BAD /* Project object */;
}
